
Microsoft Visual Studio Solution File, Format Version 12.00
# Visual Studio Version 17
VisualStudioVersion = 17.5.33530.505
MinimumVisualStudioVersion = 10.0.40219.1
Project("{9A19103F-16F7-4668-BE54-9A1E7A4F7556}") = "UESAN.Reservas.API", "UESAN.Reservas.API\UESAN.Reservas.API.csproj", "{CAF37635-1FAF-4C47-BAD2-2DAEC6E8AE6A}"
EndProject
Project("{9A19103F-16F7-4668-BE54-9A1E7A4F7556}") = "UESAN.Reservas.Core", "UESAN.Reservas.Core\UESAN.Reservas.Core.csproj", "{3693FAFA-2734-4B6A-BE64-76E9B3048600}"
EndProject
Project("{9A19103F-16F7-4668-BE54-9A1E7A4F7556}") = "UESAN.Reservas.Infrastructure", "UESAN.Reservas.Infrastructure\UESAN.Reservas.Infrastructure.csproj", "{780D35F8-97F8-4674-9EEC-78DEC613079A}"
EndProject
Project("{00D1A9C2-B5F0-4AF3-8072-F6C62B433612}") = "UESAN.Reservas.Data", "UESAN.Reservas.Data\UESAN.Reservas.Data.sqlproj", "{62C52C40-B090-4041-BF35-7EB37CB1182F}"
EndProject
Project("{2150E333-8FDC-42A3-9474-1A3956D46DE8}") = "Solution Items", "Solution Items", "{6E2276BF-FAF3-4604-AA79-CC0E43F3ED1F}"
	ProjectSection(SolutionItems) = preProject
		.editorconfig = .editorconfig
	EndProjectSection
EndProject
Global
	GlobalSection(SolutionConfigurationPlatforms) = preSolution
		Debug|Any CPU = Debug|Any CPU
		Release|Any CPU = Release|Any CPU
	EndGlobalSection
	GlobalSection(ProjectConfigurationPlatforms) = postSolution
		{CAF37635-1FAF-4C47-BAD2-2DAEC6E8AE6A}.Debug|Any CPU.ActiveCfg = Debug|Any CPU
		{CAF37635-1FAF-4C47-BAD2-2DAEC6E8AE6A}.Debug|Any CPU.Build.0 = Debug|Any CPU
		{CAF37635-1FAF-4C47-BAD2-2DAEC6E8AE6A}.Release|Any CPU.ActiveCfg = Release|Any CPU
		{CAF37635-1FAF-4C47-BAD2-2DAEC6E8AE6A}.Release|Any CPU.Build.0 = Release|Any CPU
		{3693FAFA-2734-4B6A-BE64-76E9B3048600}.Debug|Any CPU.ActiveCfg = Debug|Any CPU
		{3693FAFA-2734-4B6A-BE64-76E9B3048600}.Debug|Any CPU.Build.0 = Debug|Any CPU
		{3693FAFA-2734-4B6A-BE64-76E9B3048600}.Release|Any CPU.ActiveCfg = Release|Any CPU
		{3693FAFA-2734-4B6A-BE64-76E9B3048600}.Release|Any CPU.Build.0 = Release|Any CPU
		{780D35F8-97F8-4674-9EEC-78DEC613079A}.Debug|Any CPU.ActiveCfg = Debug|Any CPU
		{780D35F8-97F8-4674-9EEC-78DEC613079A}.Debug|Any CPU.Build.0 = Debug|Any CPU
		{780D35F8-97F8-4674-9EEC-78DEC613079A}.Release|Any CPU.ActiveCfg = Release|Any CPU
		{780D35F8-97F8-4674-9EEC-78DEC613079A}.Release|Any CPU.Build.0 = Release|Any CPU
		{62C52C40-B090-4041-BF35-7EB37CB1182F}.Debug|Any CPU.ActiveCfg = Debug|Any CPU
		{62C52C40-B090-4041-BF35-7EB37CB1182F}.Debug|Any CPU.Build.0 = Debug|Any CPU
		{62C52C40-B090-4041-BF35-7EB37CB1182F}.Debug|Any CPU.Deploy.0 = Debug|Any CPU
		{62C52C40-B090-4041-BF35-7EB37CB1182F}.Release|Any CPU.ActiveCfg = Release|Any CPU
		{62C52C40-B090-4041-BF35-7EB37CB1182F}.Release|Any CPU.Build.0 = Release|Any CPU
		{62C52C40-B090-4041-BF35-7EB37CB1182F}.Release|Any CPU.Deploy.0 = Release|Any CPU
	EndGlobalSection
	GlobalSection(SolutionProperties) = preSolution
		HideSolutionNode = FALSE
	EndGlobalSection
	GlobalSection(ExtensibilityGlobals) = postSolution
		SolutionGuid = {D34FA2D1-170E-49BE-A710-67718B0CFCD3}
	EndGlobalSection
EndGlobal
